
Microsoft Visual Studio Solution File, Format Version 12.00
# Visual Studio Version 17
VisualStudioVersion = 17.1.32421.90
MinimumVisualStudioVersion = 10.0.40219.1
Project("{FAE04EC0-301F-11D3-BF4B-00C04F79EFBC}") = "digitizer", "digitizer\digitizer.csproj", "{027A9DD0-A09C-4E77-9A04-F1122DAF6BAB}"
EndProject
Global
	GlobalSection(SolutionConfigurationPlatforms) = preSolution
		Debug|Any CPU = Debug|Any CPU
		Release|Any CPU = Release|Any CPU
	EndGlobalSection
	GlobalSection(ProjectConfigurationPlatforms) = postSolution
		{027A9DD0-A09C-4E77-9A04-F1122DAF6BAB}.Debug|Any CPU.ActiveCfg = Debug|Any CPU
		{027A9DD0-A09C-4E77-9A04-F1122DAF6BAB}.Debug|Any CPU.Build.0 = Debug|Any CPU
		{027A9DD0-A09C-4E77-9A04-F1122DAF6BAB}.Release|Any CPU.ActiveCfg = Release|Any CPU
		{027A9DD0-A09C-4E77-9A04-F1122DAF6BAB}.Release|Any CPU.Build.0 = Release|Any CPU
	EndGlobalSection
	GlobalSection(SolutionProperties) = preSolution
		HideSolutionNode = FALSE
	EndGlobalSection
	GlobalSection(ExtensibilityGlobals) = postSolution
		SolutionGuid = {FE7AA2C7-55F4-4664-80CB-5713AF83AF44}
	EndGlobalSection
EndGlobal
